
Microsoft Visual Studio Solution File, Format Version 12.00
# Visual Studio Version 17
VisualStudioVersion = 17.3.32811.315
MinimumVisualStudioVersion = 10.0.40219.1
Project("{FAE04EC0-301F-11D3-BF4B-00C04F79EFBC}") = "ProyectoBanco1", "ProyectoBanco1\ProyectoBanco1.csproj", "{A3D3CCA2-F0AF-4946-92DD-1935610B22D2}"
EndProject
Global
	GlobalSection(SolutionConfigurationPlatforms) = preSolution
		Debug|Any CPU = Debug|Any CPU
		Release|Any CPU = Release|Any CPU
	EndGlobalSection
	GlobalSection(ProjectConfigurationPlatforms) = postSolution
		{A3D3CCA2-F0AF-4946-92DD-1935610B22D2}.Debug|Any CPU.ActiveCfg = Debug|Any CPU
		{A3D3CCA2-F0AF-4946-92DD-1935610B22D2}.Debug|Any CPU.Build.0 = Debug|Any CPU
		{A3D3CCA2-F0AF-4946-92DD-1935610B22D2}.Release|Any CPU.ActiveCfg = Release|Any CPU
		{A3D3CCA2-F0AF-4946-92DD-1935610B22D2}.Release|Any CPU.Build.0 = Release|Any CPU
	EndGlobalSection
	GlobalSection(SolutionProperties) = preSolution
		HideSolutionNode = FALSE
	EndGlobalSection
	GlobalSection(ExtensibilityGlobals) = postSolution
		SolutionGuid = {41D7063D-4FB5-4D8B-BCC1-C5EFABC996F1}
	EndGlobalSection
EndGlobal
